
Microsoft Visual Studio Solution File, Format Version 12.00
# Visual Studio Version 17
VisualStudioVersion = 17.5.002.0
MinimumVisualStudioVersion = 10.0.40219.1
Project("{9A19103F-16F7-4668-BE54-9A1E7A4F7556}") = "nou_server", "nou_server.csproj", "{7048DAFB-7A98-40F8-8915-98DDE6B79A65}"
EndProject
Global
	GlobalSection(SolutionConfigurationPlatforms) = preSolution
		Debug|Any CPU = Debug|Any CPU
		Release|Any CPU = Release|Any CPU
	EndGlobalSection
	GlobalSection(ProjectConfigurationPlatforms) = postSolution
		{7048DAFB-7A98-40F8-8915-98DDE6B79A65}.Debug|Any CPU.ActiveCfg = Debug|Any CPU
		{7048DAFB-7A98-40F8-8915-98DDE6B79A65}.Debug|Any CPU.Build.0 = Debug|Any CPU
		{7048DAFB-7A98-40F8-8915-98DDE6B79A65}.Release|Any CPU.ActiveCfg = Release|Any CPU
		{7048DAFB-7A98-40F8-8915-98DDE6B79A65}.Release|Any CPU.Build.0 = Release|Any CPU
	EndGlobalSection
	GlobalSection(SolutionProperties) = preSolution
		HideSolutionNode = FALSE
	EndGlobalSection
	GlobalSection(ExtensibilityGlobals) = postSolution
		SolutionGuid = {2B236534-2DE3-401F-BC17-BAB65EF10E8B}
	EndGlobalSection
EndGlobal
